
Microsoft Visual Studio Solution File, Format Version 12.00
# Visual Studio 15
VisualStudioVersion = 15.0.28307.705
MinimumVisualStudioVersion = 10.0.40219.1
Project("{FAE04EC0-301F-11D3-BF4B-00C04F79EFBC}") = "CeChat.Host", "CeChat.Host\CeChat.Host.csproj", "{741211C2-F00D-42BC-AA58-4ECA26DA6938}"
EndProject
Project("{FAE04EC0-301F-11D3-BF4B-00C04F79EFBC}") = "CeChat.Service", "CeChat.Service\CeChat.Service.csproj", "{17316EEB-81F4-494F-A7D8-A47E1D638373}"
EndProject
Project("{FAE04EC0-301F-11D3-BF4B-00C04F79EFBC}") = "CeChat.App", "CeChat.App\CeChat.App.csproj", "{2AE4D26A-529C-47DB-99D0-4AD19D9EA749}"
EndProject
Project("{FAE04EC0-301F-11D3-BF4B-00C04F79EFBC}") = "CeChat.Model", "CeChat.Model\CeChat.Model.csproj", "{345A1EF1-8B58-4652-A430-DC9223D1CB18}"
EndProject
Global
	GlobalSection(SolutionConfigurationPlatforms) = preSolution
		Debug|Any CPU = Debug|Any CPU
		Release|Any CPU = Release|Any CPU
	EndGlobalSection
	GlobalSection(ProjectConfigurationPlatforms) = postSolution
		{741211C2-F00D-42BC-AA58-4ECA26DA6938}.Debug|Any CPU.ActiveCfg = Debug|Any CPU
		{741211C2-F00D-42BC-AA58-4ECA26DA6938}.Debug|Any CPU.Build.0 = Debug|Any CPU
		{741211C2-F00D-42BC-AA58-4ECA26DA6938}.Release|Any CPU.ActiveCfg = Release|Any CPU
		{741211C2-F00D-42BC-AA58-4ECA26DA6938}.Release|Any CPU.Build.0 = Release|Any CPU
		{17316EEB-81F4-494F-A7D8-A47E1D638373}.Debug|Any CPU.ActiveCfg = Debug|Any CPU
		{17316EEB-81F4-494F-A7D8-A47E1D638373}.Debug|Any CPU.Build.0 = Debug|Any CPU
		{17316EEB-81F4-494F-A7D8-A47E1D638373}.Release|Any CPU.ActiveCfg = Release|Any CPU
		{17316EEB-81F4-494F-A7D8-A47E1D638373}.Release|Any CPU.Build.0 = Release|Any CPU
		{2AE4D26A-529C-47DB-99D0-4AD19D9EA749}.Debug|Any CPU.ActiveCfg = Debug|Any CPU
		{2AE4D26A-529C-47DB-99D0-4AD19D9EA749}.Debug|Any CPU.Build.0 = Debug|Any CPU
		{2AE4D26A-529C-47DB-99D0-4AD19D9EA749}.Release|Any CPU.ActiveCfg = Release|Any CPU
		{2AE4D26A-529C-47DB-99D0-4AD19D9EA749}.Release|Any CPU.Build.0 = Release|Any CPU
		{345A1EF1-8B58-4652-A430-DC9223D1CB18}.Debug|Any CPU.ActiveCfg = Debug|Any CPU
		{345A1EF1-8B58-4652-A430-DC9223D1CB18}.Debug|Any CPU.Build.0 = Debug|Any CPU
		{345A1EF1-8B58-4652-A430-DC9223D1CB18}.Release|Any CPU.ActiveCfg = Release|Any CPU
		{345A1EF1-8B58-4652-A430-DC9223D1CB18}.Release|Any CPU.Build.0 = Release|Any CPU
	EndGlobalSection
	GlobalSection(SolutionProperties) = preSolution
		HideSolutionNode = FALSE
	EndGlobalSection
	GlobalSection(ExtensibilityGlobals) = postSolution
		SolutionGuid = {B7B4E91F-7280-436D-8DB2-1E3BA3842EAB}
	EndGlobalSection
EndGlobal
